<?xml version="1.0" encoding="utf-8"?>
<Project ToolsVersion="4.0" xmlns="http://schemas.microsoft.com/developer/msbuild/2003">
  <ItemGroup>
    <Filter Include="Archivos de origen">
      <UniqueIdentifier>{4FC737F1-C7A5-4376-A066-2A32D752A2FF}</UniqueIdentifier>
      <Extensions>cpp;c;cc;cxx;c++;cppm;ixx;def;odl;idl;hpj;bat;asm;asmx</Extensions>
    </Filter>
    <Filter Include="Archivos de encabezado">
      <UniqueIdentifier>{93995380-89BD-4b04-88EB-625FBE52EBFB}</UniqueIdentifier>
      <Extensions>h;hh;hpp;hxx;h++;hm;inl;inc;ipp;xsd</Extensions>
    </Filter>
    <Filter Include="Archivos de recursos">
      <UniqueIdentifier>{67DA6AB6-F800-4c08-8B7A-83BB121AAD01}</UniqueIdentifier>
      <Extensions>rc;ico;cur;bmp;dlg;rc2;rct;bin;rgs;gif;jpg;jpeg;jpe;resx;tiff;tif;png;wav;mfcribbon-ms</Extensions>
    </Filter>
    <Filter Include="Archivos de origen\Components">
      <UniqueIdentifier>{09cc511b-dc15-49db-9fa0-6374918f1bf2}</UniqueIdentifier>
    </Filter>
    <Filter Include="Archivos de origen\Managers">
      <UniqueIdentifier>{a3b0cd16-d5e5-4e4e-897c-d80fb8fc6ed3}</UniqueIdentifier>
    </Filter>
    <Filter Include="Archivos de origen\Tools/Utilities">
      <UniqueIdentifier>{c2efaa76-8bba-4d93-bd96-3e87280dff0e}</UniqueIdentifier>
    </Filter>
    <Filter Include="Archivos de origen\Templates/Resources">
      <UniqueIdentifier>{9ff57372-152b-4710-b2ff-f539b3c11764}</UniqueIdentifier>
    </Filter>
    <Filter Include="Archivos de origen\ObjectPools">
      <UniqueIdentifier>{ab54016a-13de-4d69-8876-522409cb55a3}</UniqueIdentifier>
    </Filter>
    <Filter Include="Archivos de encabezado\Components">
      <UniqueIdentifier>{4636cb7a-7c4e-4cba-97b5-956db64072ea}</UniqueIdentifier>
    </Filter>
    <Filter Include="Archivos de encabezado\Managers">
      <UniqueIdentifier>{5004e9a7-834a-4e80-b419-fa4e85010b68}</UniqueIdentifier>
    </Filter>
    <Filter Include="Archivos de encabezado\Tools/Utilities">
      <UniqueIdentifier>{6e04442f-7868-4baf-9fd5-42e9565b392b}</UniqueIdentifier>
    </Filter>
    <Filter Include="Archivos de encabezado\Templates/Resources">
      <UniqueIdentifier>{cf411987-2297-43a7-9442-4f66b91272e1}</UniqueIdentifier>
    </Filter>
    <Filter Include="Archivos de encabezado\ObjectPools">
      <UniqueIdentifier>{26dbfb23-171c-444d-9e0f-229e554a7ac5}</UniqueIdentifier>
    </Filter>
  </ItemGroup>
  <ItemGroup>
    <ClInclude Include="src\ecs.h">
      <Filter>Archivos de encabezado</Filter>
    </ClInclude>
    <ClInclude Include="src\Entity.h">
      <Filter>Archivos de encabezado</Filter>
    </ClInclude>
    <ClInclude Include="src\Game.h">
      <Filter>Archivos de encabezado</Filter>
    </ClInclude>
    <ClInclude Include="src\SDLGame.h">
      <Filter>Archivos de encabezado</Filter>
    </ClInclude>
    <ClInclude Include="src\AudioManager.h">
      <Filter>Archivos de encabezado\Managers</Filter>
    </ClInclude>
    <ClInclude Include="src\FontsManager.h">
      <Filter>Archivos de encabezado\Managers</Filter>
    </ClInclude>
    <ClInclude Include="src\InputHandler.h">
      <Filter>Archivos de encabezado\Managers</Filter>
    </ClInclude>
    <ClInclude Include="src\Manager.h">
      <Filter>Archivos de encabezado\Managers</Filter>
    </ClInclude>
    <ClInclude Include="src\SDLAudioManager.h">
      <Filter>Archivos de encabezado\Managers</Filter>
    </ClInclude>
    <ClInclude Include="src\SDLFontsManager.h">
      <Filter>Archivos de encabezado\Managers</Filter>
    </ClInclude>
    <ClInclude Include="src\SDLTexturesManager.h">
      <Filter>Archivos de encabezado\Managers</Filter>
    </ClInclude>
    <ClInclude Include="src\TexturesManager.h">
      <Filter>Archivos de encabezado\Managers</Filter>
    </ClInclude>
    <ClInclude Include="src\Character.h">
      <Filter>Archivos de encabezado\Components</Filter>
    </ClInclude>
    <ClInclude Include="src\Component.h">
      <Filter>Archivos de encabezado\Components</Filter>
    </ClInclude>
    <ClInclude Include="src\Rectangle.h">
      <Filter>Archivos de encabezado\Components</Filter>
    </ClInclude>
    <ClInclude Include="src\Transform.h">
      <Filter>Archivos de encabezado\Components</Filter>
    </ClInclude>
    <ClInclude Include="src\ObjectPool.h">
      <Filter>Archivos de encabezado\ObjectPools</Filter>
    </ClInclude>
    <ClInclude Include="src\Resources.h">
      <Filter>Archivos de encabezado\Templates/Resources</Filter>
    </ClInclude>
    <ClInclude Include="src\checkML.h">
      <Filter>Archivos de encabezado\Tools/Utilities</Filter>
    </ClInclude>
    <ClInclude Include="src\Collisions.h">
      <Filter>Archivos de encabezado\Tools/Utilities</Filter>
    </ClInclude>
    <ClInclude Include="src\Font.h">
      <Filter>Archivos de encabezado\Tools/Utilities</Filter>
    </ClInclude>
    <ClInclude Include="src\jute.h">
      <Filter>Archivos de encabezado\Tools/Utilities</Filter>
    </ClInclude>
    <ClInclude Include="src\RandomNumberGenerator.h">
      <Filter>Archivos de encabezado\Tools/Utilities</Filter>
    </ClInclude>
    <ClInclude Include="src\SDL_macros.h">
      <Filter>Archivos de encabezado\Tools/Utilities</Filter>
    </ClInclude>
    <ClInclude Include="src\SRandBasedGenerator.h">
      <Filter>Archivos de encabezado\Tools/Utilities</Filter>
    </ClInclude>
    <ClInclude Include="src\Texture.h">
      <Filter>Archivos de encabezado\Tools/Utilities</Filter>
    </ClInclude>
    <ClInclude Include="src\Vector2D.h">
      <Filter>Archivos de encabezado\Tools/Utilities</Filter>
    </ClInclude>
  </ItemGroup>
  <ItemGroup>
    <ClCompile Include="src\Entity.cpp">
      <Filter>Archivos de origen</Filter>
    </ClCompile>
    <ClCompile Include="src\Game.cpp">
      <Filter>Archivos de origen</Filter>
    </ClCompile>
    <ClCompile Include="src\main.cpp">
      <Filter>Archivos de origen</Filter>
    </ClCompile>
    <ClCompile Include="src\SDLGame.cpp">
      <Filter>Archivos de origen</Filter>
    </ClCompile>
    <ClCompile Include="src\Rectangle.cpp">
      <Filter>Archivos de origen\Components</Filter>
    </ClCompile>
    <ClCompile Include="src\Component.cpp">
      <Filter>Archivos de origen\Components</Filter>
    </ClCompile>
    <ClCompile Include="src\Character.cpp">
      <Filter>Archivos de origen\Components</Filter>
    </ClCompile>
    <ClCompile Include="src\Transform.cpp">
      <Filter>Archivos de origen\Components</Filter>
    </ClCompile>
    <ClCompile Include="src\SDLAudioManager.cpp">
      <Filter>Archivos de origen\Managers</Filter>
    </ClCompile>
    <ClCompile Include="src\SDLFontsManager.cpp">
      <Filter>Archivos de origen\Managers</Filter>
    </ClCompile>
    <ClCompile Include="src\SDLTexturesManager.cpp">
      <Filter>Archivos de origen\Managers</Filter>
    </ClCompile>
    <ClCompile Include="src\AudioManager.cpp">
      <Filter>Archivos de origen\Managers</Filter>
    </ClCompile>
    <ClCompile Include="src\FontsManager.cpp">
      <Filter>Archivos de origen\Managers</Filter>
    </ClCompile>
    <ClCompile Include="src\InputHandler.cpp">
      <Filter>Archivos de origen\Managers</Filter>
    </ClCompile>
    <ClCompile Include="src\Manager.cpp">
      <Filter>Archivos de origen\Managers</Filter>
    </ClCompile>
    <ClCompile Include="src\TexturesManager.cpp">
      <Filter>Archivos de origen\Managers</Filter>
    </ClCompile>
    <ClCompile Include="src\ObjectPool.cpp">
      <Filter>Archivos de origen\ObjectPools</Filter>
    </ClCompile>
    <ClCompile Include="src\Resources.cpp">
      <Filter>Archivos de origen\Templates/Resources</Filter>
    </ClCompile>
    <ClCompile Include="src\Collisions.cpp">
      <Filter>Archivos de origen\Tools/Utilities</Filter>
    </ClCompile>
    <ClCompile Include="src\Font.cpp">
      <Filter>Archivos de origen\Tools/Utilities</Filter>
    </ClCompile>
    <ClCompile Include="src\jute.cpp">
      <Filter>Archivos de origen\Tools/Utilities</Filter>
    </ClCompile>
    <ClCompile Include="src\RandomNumberGenerator.cpp">
      <Filter>Archivos de origen\Tools/Utilities</Filter>
    </ClCompile>
    <ClCompile Include="src\sdl_macros.cpp">
      <Filter>Archivos de origen\Tools/Utilities</Filter>
    </ClCompile>
    <ClCompile Include="src\SRandBasedGenerator.cpp">
      <Filter>Archivos de origen\Tools/Utilities</Filter>
    </ClCompile>
    <ClCompile Include="src\Texture.cpp">
      <Filter>Archivos de origen\Tools/Utilities</Filter>
    </ClCompile>
    <ClCompile Include="src\Vector2D.cpp">
      <Filter>Archivos de origen\Tools/Utilities</Filter>
    </ClCompile>
  </ItemGroup>
</Project>