<?xml version="1.0" encoding="utf-8"?>
<Project ToolsVersion="4.0" xmlns="http://schemas.microsoft.com/developer/msbuild/2003">
  <ItemGroup>
    <Filter Include="Source Files">
      <UniqueIdentifier>{4FC737F1-C7A5-4376-A066-2A32D752A2FF}</UniqueIdentifier>
      <Extensions>cpp;c;cc;cxx;c++;cppm;ixx;def;odl;idl;hpj;bat;asm;asmx</Extensions>
    </Filter>
    <Filter Include="Header Files">
      <UniqueIdentifier>{93995380-89BD-4b04-88EB-625FBE52EBFB}</UniqueIdentifier>
      <Extensions>h;hh;hpp;hxx;h++;hm;inl;inc;ipp;xsd</Extensions>
    </Filter>
    <Filter Include="Resource Files">
      <UniqueIdentifier>{67DA6AB6-F800-4c08-8B7A-83BB121AAD01}</UniqueIdentifier>
      <Extensions>rc;ico;cur;bmp;dlg;rc2;rct;bin;rgs;gif;jpg;jpeg;jpe;resx;tiff;tif;png;wav;mfcribbon-ms</Extensions>
    </Filter>
    <Filter Include="Header Files\json">
      <UniqueIdentifier>{51bd6dd6-b0ec-4a3c-afdf-8617c8ec8f79}</UniqueIdentifier>
    </Filter>
    <Filter Include="Header Files\sdlutils">
      <UniqueIdentifier>{58dd9447-2a0c-4272-b611-c6dc1d2f3cd1}</UniqueIdentifier>
    </Filter>
    <Filter Include="Header Files\utils">
      <UniqueIdentifier>{c64a0449-cd8f-4c5c-9f32-b62e25f7b9ff}</UniqueIdentifier>
    </Filter>
    <Filter Include="Source Files\json">
      <UniqueIdentifier>{fc8a7623-40da-4e39-9225-e97151939786}</UniqueIdentifier>
    </Filter>
    <Filter Include="Source Files\sdlutils">
      <UniqueIdentifier>{79014077-a55a-4baf-80ee-123eaf9d0690}</UniqueIdentifier>
    </Filter>
    <Filter Include="Source Files\utils">
      <UniqueIdentifier>{4996d8ef-bbc9-46ba-a09a-6b560aba4a97}</UniqueIdentifier>
    </Filter>
    <Filter Include="Header Files\components">
      <UniqueIdentifier>{43fe86f1-ce1c-47ca-8f87-e21188d42f40}</UniqueIdentifier>
    </Filter>
    <Filter Include="Source Files\components">
      <UniqueIdentifier>{9f729a52-b6be-4501-9937-199c816701f5}</UniqueIdentifier>
    </Filter>
    <Filter Include="Header Files\ecs">
      <UniqueIdentifier>{4be960b6-c43c-44b6-990f-570d14507c47}</UniqueIdentifier>
    </Filter>
    <Filter Include="Source Files\ecs">
      <UniqueIdentifier>{9edcbe48-dad2-4966-bcee-b03e8006b6ca}</UniqueIdentifier>
    </Filter>
    <Filter Include="Header Files\game">
      <UniqueIdentifier>{d96f3876-04a1-493f-9776-5ddd3fc9715a}</UniqueIdentifier>
    </Filter>
    <Filter Include="Source Files\game">
      <UniqueIdentifier>{317462d1-b676-47e9-aea0-66f4e122b050}</UniqueIdentifier>
    </Filter>
  </ItemGroup>
  <ItemGroup>
    <ClCompile Include="src\json\JSON.cpp">
      <Filter>Source Files</Filter>
    </ClCompile>
    <ClCompile Include="src\json\JSONValue.cpp">
      <Filter>Source Files</Filter>
    </ClCompile>
    <ClCompile Include="src\main.cpp">
      <Filter>Source Files</Filter>
    </ClCompile>
    <ClCompile Include="src\sdlutils\sdlutils_demo.cpp">
      <Filter>Source Files</Filter>
    </ClCompile>
    <ClCompile Include="src\sdlutils\SDLUtils.cpp">
      <Filter>Source Files</Filter>
    </ClCompile>
    <ClCompile Include="src\sdlutils\SoundEffect.cpp">
      <Filter>Source Files</Filter>
    </ClCompile>
    <ClCompile Include="src\sdlutils\Texture.cpp">
      <Filter>Source Files</Filter>
    </ClCompile>
    <ClCompile Include="src\utils\Collisions.cpp">
      <Filter>Source Files</Filter>
    </ClCompile>
    <ClCompile Include="src\utils\Vector2D.cpp">
      <Filter>Source Files</Filter>
    </ClCompile>
    <ClCompile Include="src\components\DeAcceleration.cpp">
      <Filter>Source Files\components</Filter>
    </ClCompile>
    <ClCompile Include="src\components\FighterCtrl.cpp">
      <Filter>Source Files\components</Filter>
    </ClCompile>
    <ClCompile Include="src\components\Follow.cpp">
      <Filter>Source Files\components</Filter>
    </ClCompile>
    <ClCompile Include="src\components\FramedImage.cpp">
      <Filter>Source Files\components</Filter>
    </ClCompile>
    <ClCompile Include="src\components\Generations.cpp">
      <Filter>Source Files\components</Filter>
    </ClCompile>
    <ClCompile Include="src\components\Gun.cpp">
      <Filter>Source Files\components</Filter>
    </ClCompile>
    <ClCompile Include="src\components\Health.cpp">
      <Filter>Source Files\components</Filter>
    </ClCompile>
    <ClCompile Include="src\components\ShowAtOppositeSide.cpp">
      <Filter>Source Files\components</Filter>
    </ClCompile>
    <ClCompile Include="src\ecs\Entity.cpp">
      <Filter>Source Files</Filter>
    </ClCompile>
    <ClCompile Include="src\ecs\Manager.cpp">
      <Filter>Source Files</Filter>
    </ClCompile>
    <ClCompile Include="src\game\Game.cpp">
      <Filter>Source Files</Filter>
    </ClCompile>
    <ClCompile Include="src\sdlutils\RandomNumberGenerator.cpp">
      <Filter>Source Files</Filter>
    </ClCompile>
    <ClCompile Include="src\game\AsteroidsSystem.cpp">
      <Filter>Source Files</Filter>
    </ClCompile>
    <ClCompile Include="src\game\BulletsSystem.cpp">
      <Filter>Source Files</Filter>
    </ClCompile>
    <ClCompile Include="src\game\FighterSystem.cpp">
      <Filter>Source Files</Filter>
    </ClCompile>
    <ClCompile Include="src\game\FighterGunSystem.cpp">
      <Filter>Source Files</Filter>
    </ClCompile>
    <ClCompile Include="src\game\CollisionSystem.cpp">
      <Filter>Source Files</Filter>
    </ClCompile>
    <ClCompile Include="src\game\RenderSystem.cpp">
      <Filter>Source Files</Filter>
    </ClCompile>
    <ClCompile Include="src\sdl_network\NetworkSystem.cpp">
      <Filter>Source Files</Filter>
    </ClCompile>
    <ClCompile Include="src\game\GameManagerSystem.cpp">
      <Filter>Source Files</Filter>
    </ClCompile>
  </ItemGroup>
  <ItemGroup>
    <ClInclude Include="src\json\JSON.h">
      <Filter>Header Files</Filter>
    </ClInclude>
    <ClInclude Include="src\json\JSONValue.h">
      <Filter>Header Files</Filter>
    </ClInclude>
    <ClInclude Include="src\sdlutils\sdlutils_demo.h">
      <Filter>Header Files</Filter>
    </ClInclude>
    <ClInclude Include="src\sdlutils\InputHandler.h">
      <Filter>Header Files</Filter>
    </ClInclude>
    <ClInclude Include="src\sdlutils\macros.h">
      <Filter>Header Files</Filter>
    </ClInclude>
    <ClInclude Include="src\sdlutils\Music.h">
      <Filter>Header Files</Filter>
    </ClInclude>
    <ClInclude Include="src\sdlutils\RandomNumberGenerator.h">
      <Filter>Header Files</Filter>
    </ClInclude>
    <ClInclude Include="src\sdlutils\SDLUtils.h">
      <Filter>Header Files</Filter>
    </ClInclude>
    <ClInclude Include="src\sdlutils\SoundEffect.h">
      <Filter>Header Files</Filter>
    </ClInclude>
    <ClInclude Include="src\sdlutils\Texture.h">
      <Filter>Header Files</Filter>
    </ClInclude>
    <ClInclude Include="src\sdlutils\VirtualTimer.h">
      <Filter>Header Files</Filter>
    </ClInclude>
    <ClInclude Include="src\utils\Collisions.h">
      <Filter>Header Files</Filter>
    </ClInclude>
    <ClInclude Include="src\utils\Singleton.h">
      <Filter>Header Files</Filter>
    </ClInclude>
    <ClInclude Include="src\utils\Vector2D.h">
      <Filter>Header Files</Filter>
    </ClInclude>
    <ClInclude Include="src\components\DeAcceleration.h">
      <Filter>Header Files\components</Filter>
    </ClInclude>
    <ClInclude Include="src\components\DisableOnExit.h">
      <Filter>Header Files\components</Filter>
    </ClInclude>
    <ClInclude Include="src\components\FighterCtrl.h">
      <Filter>Header Files\components</Filter>
    </ClInclude>
    <ClInclude Include="src\components\Follow.h">
      <Filter>Header Files\components</Filter>
    </ClInclude>
    <ClInclude Include="src\components\FramedImage.h">
      <Filter>Header Files\components</Filter>
    </ClInclude>
    <ClInclude Include="src\components\Generations.h">
      <Filter>Header Files\components</Filter>
    </ClInclude>
    <ClInclude Include="src\components\Gun.h">
      <Filter>Header Files\components</Filter>
    </ClInclude>
    <ClInclude Include="src\components\Health.h">
      <Filter>Header Files\components</Filter>
    </ClInclude>
    <ClInclude Include="src\components\ShowAtOppositeSide.h">
      <Filter>Header Files\components</Filter>
    </ClInclude>
    <ClInclude Include="src\components\Transform.h">
      <Filter>Header Files\components</Filter>
    </ClInclude>
    <ClInclude Include="src\sdlutils\asteroids_macros.h">
      <Filter>Header Files</Filter>
    </ClInclude>
    <ClInclude Include="src\components\FighterCtrlKeys.h">
      <Filter>Header Files</Filter>
    </ClInclude>
    <ClInclude Include="src\ecs\Component.h">
      <Filter>Header Files</Filter>
    </ClInclude>
    <ClInclude Include="src\ecs\ecs.h">
      <Filter>Header Files</Filter>
    </ClInclude>
    <ClInclude Include="src\ecs\Entity.h">
      <Filter>Header Files</Filter>
    </ClInclude>
    <ClInclude Include="src\ecs\Manager.h">
      <Filter>Header Files</Filter>
    </ClInclude>
    <ClInclude Include="src\ecs\mpl.h">
      <Filter>Header Files</Filter>
    </ClInclude>
    <ClInclude Include="src\ecs\System.h">
      <Filter>Header Files</Filter>
    </ClInclude>
    <ClInclude Include="src\game\AsteroidsSystem.h">
      <Filter>Header Files</Filter>
    </ClInclude>
    <ClInclude Include="src\game\BulletsSystem.h">
      <Filter>Header Files</Filter>
    </ClInclude>
    <ClInclude Include="src\game\CollisionSystem.h">
      <Filter>Header Files</Filter>
    </ClInclude>
    <ClInclude Include="src\game\ecs_defs.h">
      <Filter>Header Files</Filter>
    </ClInclude>
    <ClInclude Include="src\game\FighterGunSystem.h">
      <Filter>Header Files</Filter>
    </ClInclude>
    <ClInclude Include="src\game\FighterSystem.h">
      <Filter>Header Files</Filter>
    </ClInclude>
    <ClInclude Include="src\game\Game.h">
      <Filter>Header Files</Filter>
    </ClInclude>
    <ClInclude Include="src\game\messages.h">
      <Filter>Header Files</Filter>
    </ClInclude>
    <ClInclude Include="src\game\RenderSystem.h">
      <Filter>Header Files</Filter>
    </ClInclude>
    <ClInclude Include="src\sdlutils\Font.h">
      <Filter>Header Files</Filter>
    </ClInclude>
    <ClInclude Include="src\components\Image.h">
      <Filter>Header Files</Filter>
    </ClInclude>
    <ClInclude Include="src\sdl_network\network_types.h">
      <Filter>Header Files</Filter>
    </ClInclude>
    <ClInclude Include="src\sdl_network\NetworkSystem.h">
      <Filter>Header Files</Filter>
    </ClInclude>
    <ClInclude Include="src\sdl_network\netwrok_messages.h">
      <Filter>Header Files</Filter>
    </ClInclude>
    <ClInclude Include="src\game\GameManagerSystem.h">
      <Filter>Header Files</Filter>
    </ClInclude>
  </ItemGroup>
</Project>